
Microsoft Visual Studio Solution File, Format Version 12.00
# Visual Studio Version 17
VisualStudioVersion = 17.4.33213.308
MinimumVisualStudioVersion = 10.0.40219.1
Project("{FAE04EC0-301F-11D3-BF4B-00C04F79EFBC}") = "Form1", "Form1.csproj", "{B0D599F5-790A-4A8B-A921-5972C1BD9667}"
EndProject
Global
	GlobalSection(SolutionConfigurationPlatforms) = preSolution
		Debug|Any CPU = Debug|Any CPU
		Release|Any CPU = Release|Any CPU
	EndGlobalSection
	GlobalSection(ProjectConfigurationPlatforms) = postSolution
		{B0D599F5-790A-4A8B-A921-5972C1BD9667}.Debug|Any CPU.ActiveCfg = Debug|Any CPU
		{B0D599F5-790A-4A8B-A921-5972C1BD9667}.Debug|Any CPU.Build.0 = Debug|Any CPU
		{B0D599F5-790A-4A8B-A921-5972C1BD9667}.Release|Any CPU.ActiveCfg = Release|Any CPU
		{B0D599F5-790A-4A8B-A921-5972C1BD9667}.Release|Any CPU.Build.0 = Release|Any CPU
	EndGlobalSection
	GlobalSection(SolutionProperties) = preSolution
		HideSolutionNode = FALSE
	EndGlobalSection
	GlobalSection(ExtensibilityGlobals) = postSolution
		SolutionGuid = {7EFDCF3D-BF2B-49E9-A7AC-523FB085C8BF}
	EndGlobalSection
EndGlobal
